
Microsoft Visual Studio Solution File, Format Version 12.00
# Visual Studio Version 16
VisualStudioVersion = 16.0.28803.352
MinimumVisualStudioVersion = 10.0.40219.1
Project("{FAE04EC0-301F-11D3-BF4B-00C04F79EFBC}") = "DrawShip.Common", "DrawShip.Common\DrawShip.Common.csproj", "{3C912AE2-F9CD-4BB2-A6DD-794B205E63A4}"
EndProject
Project("{FAE04EC0-301F-11D3-BF4B-00C04F79EFBC}") = "DrawShip.Handler", "DrawShip.Handler\DrawShip.Handler.csproj", "{46290ACF-DC3B-46A7-AEA6-98F0E69606E7}"
EndProject
Project("{FAE04EC0-301F-11D3-BF4B-00C04F79EFBC}") = "DrawShip.Viewer", "DrawShip.Viewer\DrawShip.Viewer.csproj", "{5C483436-1E8E-44C8-A7A9-0B505B3D7F17}"
EndProject
Project("{FAE04EC0-301F-11D3-BF4B-00C04F79EFBC}") = "DrawShip.Preview", "DrawShip.Preview\DrawShip.Preview.csproj", "{A570CDD5-F5A5-454F-9FF5-8A59644A427D}"
EndProject
Global
	GlobalSection(SolutionConfigurationPlatforms) = preSolution
		Debug|Any CPU = Debug|Any CPU
		Release|Any CPU = Release|Any CPU
	EndGlobalSection
	GlobalSection(ProjectConfigurationPlatforms) = postSolution
		{3C912AE2-F9CD-4BB2-A6DD-794B205E63A4}.Debug|Any CPU.ActiveCfg = Debug|Any CPU
		{3C912AE2-F9CD-4BB2-A6DD-794B205E63A4}.Debug|Any CPU.Build.0 = Debug|Any CPU
		{3C912AE2-F9CD-4BB2-A6DD-794B205E63A4}.Release|Any CPU.ActiveCfg = Release|Any CPU
		{3C912AE2-F9CD-4BB2-A6DD-794B205E63A4}.Release|Any CPU.Build.0 = Release|Any CPU
		{46290ACF-DC3B-46A7-AEA6-98F0E69606E7}.Debug|Any CPU.ActiveCfg = Debug|Any CPU
		{46290ACF-DC3B-46A7-AEA6-98F0E69606E7}.Debug|Any CPU.Build.0 = Debug|Any CPU
		{46290ACF-DC3B-46A7-AEA6-98F0E69606E7}.Release|Any CPU.ActiveCfg = Release|Any CPU
		{46290ACF-DC3B-46A7-AEA6-98F0E69606E7}.Release|Any CPU.Build.0 = Release|Any CPU
		{5C483436-1E8E-44C8-A7A9-0B505B3D7F17}.Debug|Any CPU.ActiveCfg = Debug|Any CPU
		{5C483436-1E8E-44C8-A7A9-0B505B3D7F17}.Debug|Any CPU.Build.0 = Debug|Any CPU
		{5C483436-1E8E-44C8-A7A9-0B505B3D7F17}.Release|Any CPU.ActiveCfg = Release|Any CPU
		{5C483436-1E8E-44C8-A7A9-0B505B3D7F17}.Release|Any CPU.Build.0 = Release|Any CPU
		{A570CDD5-F5A5-454F-9FF5-8A59644A427D}.Debug|Any CPU.ActiveCfg = Debug|Any CPU
		{A570CDD5-F5A5-454F-9FF5-8A59644A427D}.Debug|Any CPU.Build.0 = Debug|Any CPU
		{A570CDD5-F5A5-454F-9FF5-8A59644A427D}.Release|Any CPU.ActiveCfg = Release|Any CPU
		{A570CDD5-F5A5-454F-9FF5-8A59644A427D}.Release|Any CPU.Build.0 = Release|Any CPU
	EndGlobalSection
	GlobalSection(SolutionProperties) = preSolution
		HideSolutionNode = FALSE
	EndGlobalSection
	GlobalSection(ExtensibilityGlobals) = postSolution
		SolutionGuid = {7292AA9F-68C9-4865-B494-D32E5BDFD512}
	EndGlobalSection
EndGlobal
